
Microsoft Visual Studio Solution File, Format Version 12.00
# Visual Studio Version 17
VisualStudioVersion = 17.4.33103.184
MinimumVisualStudioVersion = 10.0.40219.1
Project("{FAE04EC0-301F-11D3-BF4B-00C04F79EFBC}") = "BlogAPI", "BlogAPI\BlogAPI.csproj", "{E010AB66-47CC-4C5D-9D69-13F726324E4C}"
EndProject
Global
	GlobalSection(SolutionConfigurationPlatforms) = preSolution
		Debug|Any CPU = Debug|Any CPU
		Release|Any CPU = Release|Any CPU
	EndGlobalSection
	GlobalSection(ProjectConfigurationPlatforms) = postSolution
		{E010AB66-47CC-4C5D-9D69-13F726324E4C}.Debug|Any CPU.ActiveCfg = Debug|Any CPU
		{E010AB66-47CC-4C5D-9D69-13F726324E4C}.Debug|Any CPU.Build.0 = Debug|Any CPU
		{E010AB66-47CC-4C5D-9D69-13F726324E4C}.Release|Any CPU.ActiveCfg = Release|Any CPU
		{E010AB66-47CC-4C5D-9D69-13F726324E4C}.Release|Any CPU.Build.0 = Release|Any CPU
	EndGlobalSection
	GlobalSection(SolutionProperties) = preSolution
		HideSolutionNode = FALSE
	EndGlobalSection
	GlobalSection(ExtensibilityGlobals) = postSolution
		SolutionGuid = {37FBBA72-3126-42C1-9438-470DC6725B7B}
	EndGlobalSection
EndGlobal
